
Microsoft Visual Studio Solution File, Format Version 12.00
Project("{FAE04EC0-301F-11D3-BF4B-00C04F79EFBC}") = "Calculator", "Calculator\Calculator.csproj", "{104AD021-7B6D-408A-A61A-1DE7BE1DDA4B}"
EndProject
Global
	GlobalSection(SolutionConfigurationPlatforms) = preSolution
		Debug|Any CPU = Debug|Any CPU
		Release|Any CPU = Release|Any CPU
	EndGlobalSection
	GlobalSection(ProjectConfigurationPlatforms) = postSolution
		{104AD021-7B6D-408A-A61A-1DE7BE1DDA4B}.Debug|Any CPU.ActiveCfg = Debug|Any CPU
		{104AD021-7B6D-408A-A61A-1DE7BE1DDA4B}.Debug|Any CPU.Build.0 = Debug|Any CPU
		{104AD021-7B6D-408A-A61A-1DE7BE1DDA4B}.Release|Any CPU.ActiveCfg = Release|Any CPU
		{104AD021-7B6D-408A-A61A-1DE7BE1DDA4B}.Release|Any CPU.Build.0 = Release|Any CPU
	EndGlobalSection
EndGlobal
